<?xml version="1.0" encoding="utf-8"?>
<Project ToolsVersion="4.0" xmlns="http://schemas.microsoft.com/developer/msbuild/2003">
  <ItemGroup>
    <Filter Include="Source Files">
      <UniqueIdentifier>{4FC737F1-C7A5-4376-A066-2A32D752A2FF}</UniqueIdentifier>
      <Extensions>cpp;c;cc;cxx;c++;cppm;ixx;def;odl;idl;hpj;bat;asm;asmx</Extensions>
    </Filter>
    <Filter Include="Header Files">
      <UniqueIdentifier>{93995380-89BD-4b04-88EB-625FBE52EBFB}</UniqueIdentifier>
      <Extensions>h;hh;hpp;hxx;h++;hm;inl;inc;ipp;xsd</Extensions>
    </Filter>
    <Filter Include="Resource Files">
      <UniqueIdentifier>{67DA6AB6-F800-4c08-8B7A-83BB121AAD01}</UniqueIdentifier>
      <Extensions>rc;ico;cur;bmp;dlg;rc2;rct;bin;rgs;gif;jpg;jpeg;jpe;resx;tiff;tif;png;wav;mfcribbon-ms</Extensions>
    </Filter>
    <Filter Include="Resource Files\Fragment Shaders">
      <UniqueIdentifier>{557002c4-26e5-48ff-adcb-79a2a3256e78}</UniqueIdentifier>
    </Filter>
    <Filter Include="Resource Files\Vertex Shaders">
      <UniqueIdentifier>{cd01bd26-1ef7-4f33-b2b7-d554fec100cc}</UniqueIdentifier>
    </Filter>
    <Filter Include="Header Files\models">
      <UniqueIdentifier>{dec21177-2924-4343-8d35-644a614766b6}</UniqueIdentifier>
    </Filter>
  </ItemGroup>
  <ItemGroup>
    <ClCompile Include="CGCW_pool.cpp">
      <Filter>Source Files</Filter>
    </ClCompile>
    <ClCompile Include="..\include\GL\gl3w.c">
      <Filter>Source Files</Filter>
    </ClCompile>
    <ClCompile Include="handCodedModels.cpp">
      <Filter>Source Files</Filter>
    </ClCompile>
    <ClCompile Include="texLoad.cpp">
      <Filter>Source Files</Filter>
    </ClCompile>
  </ItemGroup>
  <ItemGroup>
    <ClInclude Include="..\include\error.h">
      <Filter>Header Files</Filter>
    </ClInclude>
    <ClInclude Include="..\include\file.h">
      <Filter>Header Files</Filter>
    </ClInclude>
    <ClInclude Include="..\include\shader.h">
      <Filter>Header Files</Filter>
    </ClInclude>
    <ClInclude Include="..\include\texLoad.h">
      <Filter>Header Files</Filter>
    </ClInclude>
    <ClInclude Include="..\include\texture.h">
      <Filter>Header Files</Filter>
    </ClInclude>
    <ClInclude Include="..\include\camera.h">
      <Filter>Header Files</Filter>
    </ClInclude>
    <ClInclude Include="..\include\shadow.h">
      <Filter>Header Files</Filter>
    </ClInclude>
    <ClInclude Include="..\include\bitmap.h">
      <Filter>Header Files</Filter>
    </ClInclude>
    <ClInclude Include="..\include\casteljau.h">
      <Filter>Header Files</Filter>
    </ClInclude>
    <ClInclude Include="..\include\point.h">
      <Filter>Header Files</Filter>
    </ClInclude>
    <ClInclude Include="..\include\cuboid.h">
      <Filter>Header Files\models</Filter>
    </ClInclude>
    <ClInclude Include="..\include\cylinder.h">
      <Filter>Header Files\models</Filter>
    </ClInclude>
    <ClInclude Include="..\include\handCodedModels.h">
      <Filter>Header Files\models</Filter>
    </ClInclude>
    <ClInclude Include="..\include\objloader.h">
      <Filter>Header Files\models</Filter>
    </ClInclude>
  </ItemGroup>
  <ItemGroup>
    <None Include="default.vert">
      <Filter>Resource Files\Vertex Shaders</Filter>
    </None>
    <None Include="texture.vert">
      <Filter>Resource Files\Vertex Shaders</Filter>
    </None>
    <None Include="texPhong.vert">
      <Filter>Resource Files\Vertex Shaders</Filter>
    </None>
    <None Include="default.frag">
      <Filter>Resource Files\Fragment Shaders</Filter>
    </None>
    <None Include="texPhong.frag">
      <Filter>Resource Files\Fragment Shaders</Filter>
    </None>
    <None Include="texture.frag">
      <Filter>Resource Files\Fragment Shaders</Filter>
    </None>
    <None Include="shaPhong.frag">
      <Filter>Resource Files\Fragment Shaders</Filter>
    </None>
    <None Include="shaPhong.vert">
      <Filter>Resource Files\Vertex Shaders</Filter>
    </None>
    <None Include="shadow.frag">
      <Filter>Resource Files\Fragment Shaders</Filter>
    </None>
    <None Include="shadow.vert">
      <Filter>Resource Files\Vertex Shaders</Filter>
    </None>
  </ItemGroup>
</Project>